{
  "name": "merry-on-sherry",
  "version": "0.0.0",
  "lockfileVersion": 1,
  "requires": true,
  "dependencies": {
    "rollup": {
      "version": "0.55.1",
      "resolved": "https://registry.npmjs.org/rollup/-/rollup-0.55.1.tgz",
      "integrity": "sha512-lV8lBkpA1PXsshgu8zy51QrGPvWDIhZjcShEyMKk/Riobz4xwutSb0TjAtRyS6wtnn5LNVmCL7KIj4pirOhEdw==",
      "dev": true
    }
  }
}
