{
  "name": "merry-on-sherry",
  "version": "0.0.0",
  "lockfileVersion": 1,
  "requires": true,
  "dependencies": {
    "moment": {
      "version": "2.20.1",
      "resolved": "https://registry.npmjs.org/moment/-/moment-2.20.1.tgz",
      "integrity": "sha512-Yh9y73JRljxW5QxN08Fner68eFLxM5ynNOAw2LbIB1YAGeQzZT8QFSUvkAz609Zf+IHhhaUxqZK8dG3W/+HEvg=="
    },
    "requestanimationframe": {
      "version": "0.0.22",
      "resolved": "https://registry.npmjs.org/requestanimationframe/-/requestanimationframe-0.0.22.tgz",
      "integrity": "sha1-HNFchjsqt6kx4qsFU5SNKHR2KfY="
    },
    "rollup": {
      "version": "0.55.1",
      "resolved": "https://registry.npmjs.org/rollup/-/rollup-0.55.1.tgz",
      "integrity": "sha512-lV8lBkpA1PXsshgu8zy51QrGPvWDIhZjcShEyMKk/Riobz4xwutSb0TjAtRyS6wtnn5LNVmCL7KIj4pirOhEdw==",
      "dev": true
    }
  }
}
